<Solution>
  <Folder Name="/src/">
    <Project Path="src/Backend.csproj" />
  </Folder>
  <Folder Name="/tests/">
    <Project Path="tests/Domain.Tests/Domain.Tests.csproj" />
    <Project Path="tests/Application.Tests/Application.Tests.csproj" />
    <Project Path="tests/Infrastructure.Tests/Infrastructure.Tests.csproj" />
  </Folder>
</Solution>
